
Microsoft Visual Studio Solution File, Format Version 12.00
# Visual Studio Version 17
VisualStudioVersion = 17.7.34031.279
MinimumVisualStudioVersion = 10.0.40219.1
Project("{FAE04EC0-301F-11D3-BF4B-00C04F79EFBC}") = "Simplex", "Simplex\Simplex.csproj", "{B2DB248F-B9FF-44E6-A7B6-BFD74689A5DD}"
EndProject
Global
	GlobalSection(SolutionConfigurationPlatforms) = preSolution
		Debug|Any CPU = Debug|Any CPU
		Release|Any CPU = Release|Any CPU
	EndGlobalSection
	GlobalSection(ProjectConfigurationPlatforms) = postSolution
		{B2DB248F-B9FF-44E6-A7B6-BFD74689A5DD}.Debug|Any CPU.ActiveCfg = Debug|Any CPU
		{B2DB248F-B9FF-44E6-A7B6-BFD74689A5DD}.Debug|Any CPU.Build.0 = Debug|Any CPU
		{B2DB248F-B9FF-44E6-A7B6-BFD74689A5DD}.Release|Any CPU.ActiveCfg = Release|Any CPU
		{B2DB248F-B9FF-44E6-A7B6-BFD74689A5DD}.Release|Any CPU.Build.0 = Release|Any CPU
	EndGlobalSection
	GlobalSection(SolutionProperties) = preSolution
		HideSolutionNode = FALSE
	EndGlobalSection
	GlobalSection(ExtensibilityGlobals) = postSolution
		SolutionGuid = {15DAAF30-62CE-4A1B-B7AC-D16D243B917B}
	EndGlobalSection
EndGlobal
